
Microsoft Visual Studio Solution File, Format Version 12.00
# Visual Studio Version 17
VisualStudioVersion = 17.10.35122.118
MinimumVisualStudioVersion = 10.0.40219.1
Project("{FAE04EC0-301F-11D3-BF4B-00C04F79EFBC}") = "My_Web_Site", "My_Web_Site.csproj", "{06937238-2EE1-447F-ACC2-82C432C14261}"
EndProject
Global
	GlobalSection(SolutionConfigurationPlatforms) = preSolution
		Debug|Any CPU = Debug|Any CPU
		Release|Any CPU = Release|Any CPU
	EndGlobalSection
	GlobalSection(ProjectConfigurationPlatforms) = postSolution
		{06937238-2EE1-447F-ACC2-82C432C14261}.Debug|Any CPU.ActiveCfg = Debug|Any CPU
		{06937238-2EE1-447F-ACC2-82C432C14261}.Debug|Any CPU.Build.0 = Debug|Any CPU
		{06937238-2EE1-447F-ACC2-82C432C14261}.Release|Any CPU.ActiveCfg = Release|Any CPU
		{06937238-2EE1-447F-ACC2-82C432C14261}.Release|Any CPU.Build.0 = Release|Any CPU
	EndGlobalSection
	GlobalSection(SolutionProperties) = preSolution
		HideSolutionNode = FALSE
	EndGlobalSection
	GlobalSection(ExtensibilityGlobals) = postSolution
		SolutionGuid = {8BD9AD38-FF9F-431C-9117-5F6C4F07A2F8}
	EndGlobalSection
EndGlobal
